<?xml version="1.0" encoding="utf-8"?>
<Project ToolsVersion="4.0" xmlns="http://schemas.microsoft.com/developer/msbuild/2003">
  <ItemGroup>
    <Filter Include="源文件">
      <UniqueIdentifier>{4FC737F1-C7A5-4376-A066-2A32D752A2FF}</UniqueIdentifier>
      <Extensions>cpp;c;cc;cxx;c++;cppm;ixx;def;odl;idl;hpj;bat;asm;asmx</Extensions>
    </Filter>
    <Filter Include="头文件">
      <UniqueIdentifier>{93995380-89BD-4b04-88EB-625FBE52EBFB}</UniqueIdentifier>
      <Extensions>h;hh;hpp;hxx;h++;hm;inl;inc;ipp;xsd</Extensions>
    </Filter>
    <Filter Include="资源文件">
      <UniqueIdentifier>{67DA6AB6-F800-4c08-8B7A-83BB121AAD01}</UniqueIdentifier>
      <Extensions>rc;ico;cur;bmp;dlg;rc2;rct;bin;rgs;gif;jpg;jpeg;jpe;resx;tiff;tif;png;wav;mfcribbon-ms</Extensions>
    </Filter>
  </ItemGroup>
  <ItemGroup>
    <ClCompile Include="src\main.cpp">
      <Filter>源文件</Filter>
    </ClCompile>
    <ClCompile Include="src\mainwidow\App.cpp">
      <Filter>源文件</Filter>
    </ClCompile>
    <ClCompile Include="src\delegate\WindowDelegate.cpp">
      <Filter>源文件</Filter>
    </ClCompile>
    <ClCompile Include="src\sqlite\shell.c">
      <Filter>源文件</Filter>
    </ClCompile>
    <ClCompile Include="src\sqlite\sqlite3.c">
      <Filter>源文件</Filter>
    </ClCompile>
    <ClCompile Include="src\scheme\HttpSchemeFactory.cpp">
      <Filter>源文件</Filter>
    </ClCompile>
    <ClCompile Include="src\mainwidow\Other.cpp">
      <Filter>源文件</Filter>
    </ClCompile>
    <ClCompile Include="src\mainwidow\Renderer.cpp">
      <Filter>源文件</Filter>
    </ClCompile>
    <ClCompile Include="src\handler\PageHandler.cpp">
      <Filter>源文件</Filter>
    </ClCompile>
    <ClCompile Include="src\handler\V8Handler.cpp">
      <Filter>源文件</Filter>
    </ClCompile>
    <ClCompile Include="src\handler\WindowHandler.cpp">
      <Filter>源文件</Filter>
    </ClCompile>
    <ClCompile Include="src\delegate\ViewDelegate.cpp">
      <Filter>源文件</Filter>
    </ClCompile>
  </ItemGroup>
  <ItemGroup>
    <ClInclude Include="src\mainwidow\App.h">
      <Filter>头文件</Filter>
    </ClInclude>
    <ClInclude Include="src\delegate\WindowDelegate.h">
      <Filter>头文件</Filter>
    </ClInclude>
    <ClInclude Include="src\ReleaseCallback.h">
      <Filter>头文件</Filter>
    </ClInclude>
    <ClInclude Include="src\sqlite\sqlite3.h">
      <Filter>头文件</Filter>
    </ClInclude>
    <ClInclude Include="src\sqlite\sqlite3ext.h">
      <Filter>头文件</Filter>
    </ClInclude>
    <ClInclude Include="src\scheme\HttpSchemeFactory.h">
      <Filter>头文件</Filter>
    </ClInclude>
    <ClInclude Include="src\mainwidow\Other.h">
      <Filter>头文件</Filter>
    </ClInclude>
    <ClInclude Include="src\mainwidow\Renderer.h">
      <Filter>头文件</Filter>
    </ClInclude>
    <ClInclude Include="src\helper\json.hpp">
      <Filter>头文件</Filter>
    </ClInclude>
    <ClInclude Include="src\handler\DialogHandler.h">
      <Filter>头文件</Filter>
    </ClInclude>
    <ClInclude Include="src\handler\PageHandler.h">
      <Filter>头文件</Filter>
    </ClInclude>
    <ClInclude Include="src\handler\V8Handler.h">
      <Filter>头文件</Filter>
    </ClInclude>
    <ClInclude Include="src\handler\WindowHandler.h">
      <Filter>头文件</Filter>
    </ClInclude>
    <ClInclude Include="src\delegate\ViewDelegate.h">
      <Filter>头文件</Filter>
    </ClInclude>
    <ClInclude Include="src\resource.h">
      <Filter>头文件</Filter>
    </ClInclude>
  </ItemGroup>
  <ItemGroup>
    <None Include="bin\html\a.js">
      <Filter>资源文件</Filter>
    </None>
    <None Include="bin\html\index.html">
      <Filter>资源文件</Filter>
    </None>
    <None Include="bin\html\icon\iconfont.css">
      <Filter>资源文件</Filter>
    </None>
    <None Include="bin\html\title.html">
      <Filter>资源文件</Filter>
    </None>
  </ItemGroup>
  <ItemGroup>
    <Font Include="bin\html\icon\iconfont.ttf">
      <Filter>资源文件</Filter>
    </Font>
  </ItemGroup>
</Project>